<?xml version="1.0" encoding="utf-8"?>
<Project ToolsVersion="4.0" xmlns="http://schemas.microsoft.com/developer/msbuild/2003">
  <ItemGroup>
    <Filter Include="Source Files">
      <UniqueIdentifier>{4FC737F1-C7A5-4376-A066-2A32D752A2FF}</UniqueIdentifier>
      <Extensions>cpp;c;cc;cxx;c++;cppm;ixx;def;odl;idl;hpj;bat;asm;asmx</Extensions>
    </Filter>
    <Filter Include="Header Files">
      <UniqueIdentifier>{93995380-89BD-4b04-88EB-625FBE52EBFB}</UniqueIdentifier>
      <Extensions>h;hh;hpp;hxx;h++;hm;inl;inc;ipp;xsd</Extensions>
    </Filter>
    <Filter Include="Resource Files">
      <UniqueIdentifier>{67DA6AB6-F800-4c08-8B7A-83BB121AAD01}</UniqueIdentifier>
      <Extensions>rc;ico;cur;bmp;dlg;rc2;rct;bin;rgs;gif;jpg;jpeg;jpe;resx;tiff;tif;png;wav;mfcribbon-ms</Extensions>
    </Filter>
    <Filter Include="Source Files\graphics">
      <UniqueIdentifier>{d2da773b-399f-4436-8369-aba2f87f5dda}</UniqueIdentifier>
    </Filter>
    <Filter Include="Header Files\windows">
      <UniqueIdentifier>{4e8e4e4f-b3c6-41af-80d2-1e9185347478}</UniqueIdentifier>
    </Filter>
    <Filter Include="Header Files\debug">
      <UniqueIdentifier>{8f448ef1-2422-4c6b-b3df-904fcb5871b3}</UniqueIdentifier>
    </Filter>
    <Filter Include="Header Files\stream">
      <UniqueIdentifier>{c2a93c32-9206-4179-a7d8-33029f1fca84}</UniqueIdentifier>
    </Filter>
    <Filter Include="Source Files\debug">
      <UniqueIdentifier>{7c0dcc25-1a5d-4d26-bbd3-1977507feff2}</UniqueIdentifier>
    </Filter>
    <Filter Include="Source Files\stream">
      <UniqueIdentifier>{83c663de-3772-43e3-a8a4-b0725f3d7590}</UniqueIdentifier>
    </Filter>
    <Filter Include="Source Files\windows">
      <UniqueIdentifier>{b466875f-51cd-4bcb-b78a-2fee697fab66}</UniqueIdentifier>
    </Filter>
    <Filter Include="Header Files\c-wrapper">
      <UniqueIdentifier>{49ae6289-730a-43cf-b7de-9cb91fd2b1bc}</UniqueIdentifier>
    </Filter>
    <Filter Include="Header Files\maths">
      <UniqueIdentifier>{3cfe32d1-4914-4f6e-8ac1-ff6b07c6e858}</UniqueIdentifier>
    </Filter>
    <Filter Include="Source Files\maths">
      <UniqueIdentifier>{ec6d0d2a-5947-408c-944f-3524723b7d9f}</UniqueIdentifier>
    </Filter>
    <Filter Include="Header Files\memory">
      <UniqueIdentifier>{751b9924-c113-408d-8703-f2ea6957ade3}</UniqueIdentifier>
    </Filter>
    <Filter Include="Source Files\memory">
      <UniqueIdentifier>{e86bfca3-8bf1-4b7c-8dab-09ee41697750}</UniqueIdentifier>
    </Filter>
    <Filter Include="Header Files\ecs">
      <UniqueIdentifier>{201c2dd4-bad7-45a7-8e41-7d76e7128b19}</UniqueIdentifier>
    </Filter>
    <Filter Include="Source Files\ecs">
      <UniqueIdentifier>{d94d6186-9a81-468a-9231-4b3bd23cc8f3}</UniqueIdentifier>
    </Filter>
    <Filter Include="doc">
      <UniqueIdentifier>{80938500-bb22-49ec-8fff-2d343091112f}</UniqueIdentifier>
    </Filter>
    <Filter Include="Header Files\graphic">
      <UniqueIdentifier>{efe8f642-1853-423b-9e5c-016449bab18b}</UniqueIdentifier>
    </Filter>
  </ItemGroup>
  <ItemGroup>
    <ClInclude Include="include\DE\core.hpp">
      <Filter>Header Files</Filter>
    </ClInclude>
    <ClInclude Include="include\DE\def.h">
      <Filter>Header Files</Filter>
    </ClInclude>
    <ClInclude Include="include\DE\error.hpp">
      <Filter>Header Files</Filter>
    </ClInclude>
    <ClInclude Include="include\DE\renderer.hpp">
      <Filter>Header Files\graphic</Filter>
    </ClInclude>
    <ClInclude Include="include\DE\window.hpp">
      <Filter>Header Files\windows</Filter>
    </ClInclude>
    <ClInclude Include="include\DE\events.hpp">
      <Filter>Header Files\windows</Filter>
    </ClInclude>
    <ClInclude Include="include\DE\drawable.hpp">
      <Filter>Header Files\graphic</Filter>
    </ClInclude>
    <ClInclude Include="include\DE\key.hpp">
      <Filter>Header Files</Filter>
    </ClInclude>
    <ClInclude Include="include\DE\logger.hpp">
      <Filter>Header Files\debug</Filter>
    </ClInclude>
    <ClInclude Include="include\DE\output_file_stream.hpp">
      <Filter>Header Files\stream</Filter>
    </ClInclude>
    <ClInclude Include="include\DE\output_stream.hpp">
      <Filter>Header Files\stream</Filter>
    </ClInclude>
    <ClInclude Include="include\DE\c-wrapper\logger.h">
      <Filter>Header Files\c-wrapper</Filter>
    </ClInclude>
    <ClInclude Include="include\DE\string_utils.hpp">
      <Filter>Header Files</Filter>
    </ClInclude>
    <ClInclude Include="include\DE\c-wrapper\string_utils.h">
      <Filter>Header Files\c-wrapper</Filter>
    </ClInclude>
    <ClInclude Include="include\DE\debug.hpp">
      <Filter>Header Files\debug</Filter>
    </ClInclude>
    <ClInclude Include="include\DE\c-wrapper\debug.h">
      <Filter>Header Files\c-wrapper</Filter>
    </ClInclude>
    <ClInclude Include="include\DE\c-wrapper\types.h">
      <Filter>Header Files\c-wrapper</Filter>
    </ClInclude>
    <ClInclude Include="include\DE\c-wrapper\core.h">
      <Filter>Header Files\c-wrapper</Filter>
    </ClInclude>
    <ClInclude Include="include\DE\color.hpp">
      <Filter>Header Files\graphic</Filter>
    </ClInclude>
    <ClInclude Include="include\DE\sys_win.hpp">
      <Filter>Header Files</Filter>
    </ClInclude>
    <ClInclude Include="include\DE\c-wrapper\output_stream.h">
      <Filter>Header Files\c-wrapper</Filter>
    </ClInclude>
    <ClInclude Include="include\DE\drawable_types.h">
      <Filter>Header Files\graphic</Filter>
    </ClInclude>
    <ClInclude Include="include\DE\vec.hpp">
      <Filter>Header Files\maths</Filter>
    </ClInclude>
    <ClInclude Include="include\DE\mat.hpp">
      <Filter>Header Files\maths</Filter>
    </ClInclude>
    <ClInclude Include="include\DE\scene.hpp">
      <Filter>Header Files</Filter>
    </ClInclude>
    <ClInclude Include="include\DE\vec_imp.hpp">
      <Filter>Header Files\maths</Filter>
    </ClInclude>
    <ClInclude Include="include\DE\memory\memory.hpp">
      <Filter>Header Files\memory</Filter>
    </ClInclude>
    <ClInclude Include="include\DE\memory\list.hpp">
      <Filter>Header Files\memory</Filter>
    </ClInclude>
    <ClInclude Include="include\DE\ecs\system.hpp">
      <Filter>Header Files\ecs</Filter>
    </ClInclude>
    <ClInclude Include="include\DE\ecs\component.hpp">
      <Filter>Header Files\ecs</Filter>
    </ClInclude>
    <ClInclude Include="include\DE\ecs\entity.hpp">
      <Filter>Header Files\ecs</Filter>
    </ClInclude>
    <ClInclude Include="include\DE\graphic\vertex.hpp">
      <Filter>Header Files\graphic</Filter>
    </ClInclude>
    <ClInclude Include="include\DE\graphic\graphic.hpp">
      <Filter>Header Files</Filter>
    </ClInclude>
  </ItemGroup>
  <ItemGroup>
    <ClCompile Include="src\core.cpp">
      <Filter>Source Files</Filter>
    </ClCompile>
    <ClCompile Include="include\DE\types.hpp">
      <Filter>Header Files</Filter>
    </ClCompile>
    <ClCompile Include="src\error.cpp">
      <Filter>Source Files</Filter>
    </ClCompile>
    <ClCompile Include="src\renderer.cpp">
      <Filter>Source Files\graphics</Filter>
    </ClCompile>
    <ClCompile Include="src\key.cpp">
      <Filter>Source Files</Filter>
    </ClCompile>
    <ClCompile Include="src\logger.cpp">
      <Filter>Source Files\debug</Filter>
    </ClCompile>
    <ClCompile Include="src\output_file_stream.cpp">
      <Filter>Source Files\stream</Filter>
    </ClCompile>
    <ClCompile Include="src\window.cpp">
      <Filter>Source Files\windows</Filter>
    </ClCompile>
    <ClCompile Include="src\string_utils.cpp">
      <Filter>Source Files</Filter>
    </ClCompile>
    <ClCompile Include="src\debug.cpp">
      <Filter>Source Files</Filter>
    </ClCompile>
    <ClCompile Include="src\drawable.cpp">
      <Filter>Source Files\graphics</Filter>
    </ClCompile>
    <ClCompile Include="src\sys_win.cpp">
      <Filter>Source Files</Filter>
    </ClCompile>
    <ClCompile Include="src\color.cpp">
      <Filter>Source Files\graphics</Filter>
    </ClCompile>
    <ClCompile Include="src\events.cpp">
      <Filter>Source Files\windows</Filter>
    </ClCompile>
    <ClCompile Include="src\scene.cpp">
      <Filter>Source Files</Filter>
    </ClCompile>
    <ClCompile Include="src\vec.cpp">
      <Filter>Source Files\maths</Filter>
    </ClCompile>
    <ClCompile Include="src\memory\memory.cpp">
      <Filter>Source Files\memory</Filter>
    </ClCompile>
    <ClCompile Include="src\memory\list.cpp">
      <Filter>Source Files\memory</Filter>
    </ClCompile>
    <ClCompile Include="src\ecs\system.cpp">
      <Filter>Source Files\ecs</Filter>
    </ClCompile>
    <ClCompile Include="src\ecs\component.cpp">
      <Filter>Source Files\ecs</Filter>
    </ClCompile>
    <ClCompile Include="src\ecs\entity.cpp">
      <Filter>Source Files\ecs</Filter>
    </ClCompile>
    <ClCompile Include="src\mat.cpp">
      <Filter>Source Files</Filter>
    </ClCompile>
    <ClCompile Include="src\graphics\graphic.cpp">
      <Filter>Source Files</Filter>
    </ClCompile>
  </ItemGroup>
  <ItemGroup>
    <None Include="cpp.hint" />
    <None Include=".gitignore" />
    <None Include="README.md" />
    <None Include="include\DE\doc\mainpage.doc">
      <Filter>doc</Filter>
    </None>
  </ItemGroup>
</Project>